
Microsoft Visual Studio Solution File, Format Version 12.00
Project("{2150E333-8FDC-42A3-9474-1A3956D46DE8}") = "01 API", "01 API", "{68F09F7B-8CE7-4542-8DB6-640D8B9869A3}"
EndProject
Project("{2150E333-8FDC-42A3-9474-1A3956D46DE8}") = "02 Application Service", "02 Application Service", "{F60D1A9A-526B-4A70-9444-8E2D32E580C3}"
EndProject
Project("{2150E333-8FDC-42A3-9474-1A3956D46DE8}") = "03 Domain", "03 Domain", "{C8A2B50B-321A-43D8-951D-C935348D0EC6}"
EndProject
Project("{FAE04EC0-301F-11D3-BF4B-00C04F79EFBC}") = "Demo.Api", "Demo.Api\Demo.Api.csproj", "{21040AB6-CF66-434F-9BA6-AFDE8BA3EB2F}"
EndProject
Project("{FAE04EC0-301F-11D3-BF4B-00C04F79EFBC}") = "Demo.Application", "Demo.Application\Demo.Application.csproj", "{702863FF-AAD8-4438-B0F1-40370E3CA52F}"
EndProject
Project("{FAE04EC0-301F-11D3-BF4B-00C04F79EFBC}") = "Demo.Domain", "Demo.Domain\Demo.Domain.csproj", "{037E36C7-CE60-4FCA-A376-CE04D73FBBCD}"
EndProject
Project("{FAE04EC0-301F-11D3-BF4B-00C04F79EFBC}") = "Demo.Data.EF", "Demo.Data.EF\Demo.Data.EF.csproj", "{546D956A-2BA9-4B05-9BFB-E43FE7195766}"
EndProject
Project("{FAE04EC0-301F-11D3-BF4B-00C04F79EFBC}") = "Demo.Data.NH", "Demo.Data.NH\Demo.Data.NH.csproj", "{F5CDE316-D63B-48E2-A80F-57A5BA1C9BBA}"
EndProject
Global
	GlobalSection(SolutionConfigurationPlatforms) = preSolution
		Debug|Any CPU = Debug|Any CPU
		Release|Any CPU = Release|Any CPU
	EndGlobalSection
	GlobalSection(NestedProjects) = preSolution
		{21040AB6-CF66-434F-9BA6-AFDE8BA3EB2F} = {68F09F7B-8CE7-4542-8DB6-640D8B9869A3}
		{702863FF-AAD8-4438-B0F1-40370E3CA52F} = {F60D1A9A-526B-4A70-9444-8E2D32E580C3}
		{037E36C7-CE60-4FCA-A376-CE04D73FBBCD} = {C8A2B50B-321A-43D8-951D-C935348D0EC6}
		{546D956A-2BA9-4B05-9BFB-E43FE7195766} = {C8A2B50B-321A-43D8-951D-C935348D0EC6}
		{F5CDE316-D63B-48E2-A80F-57A5BA1C9BBA} = {C8A2B50B-321A-43D8-951D-C935348D0EC6}
	EndGlobalSection
	GlobalSection(ProjectConfigurationPlatforms) = postSolution
		{21040AB6-CF66-434F-9BA6-AFDE8BA3EB2F}.Debug|Any CPU.ActiveCfg = Debug|Any CPU
		{21040AB6-CF66-434F-9BA6-AFDE8BA3EB2F}.Debug|Any CPU.Build.0 = Debug|Any CPU
		{21040AB6-CF66-434F-9BA6-AFDE8BA3EB2F}.Release|Any CPU.ActiveCfg = Release|Any CPU
		{21040AB6-CF66-434F-9BA6-AFDE8BA3EB2F}.Release|Any CPU.Build.0 = Release|Any CPU
		{702863FF-AAD8-4438-B0F1-40370E3CA52F}.Debug|Any CPU.ActiveCfg = Debug|Any CPU
		{702863FF-AAD8-4438-B0F1-40370E3CA52F}.Debug|Any CPU.Build.0 = Debug|Any CPU
		{702863FF-AAD8-4438-B0F1-40370E3CA52F}.Release|Any CPU.ActiveCfg = Release|Any CPU
		{702863FF-AAD8-4438-B0F1-40370E3CA52F}.Release|Any CPU.Build.0 = Release|Any CPU
		{037E36C7-CE60-4FCA-A376-CE04D73FBBCD}.Debug|Any CPU.ActiveCfg = Debug|Any CPU
		{037E36C7-CE60-4FCA-A376-CE04D73FBBCD}.Debug|Any CPU.Build.0 = Debug|Any CPU
		{037E36C7-CE60-4FCA-A376-CE04D73FBBCD}.Release|Any CPU.ActiveCfg = Release|Any CPU
		{037E36C7-CE60-4FCA-A376-CE04D73FBBCD}.Release|Any CPU.Build.0 = Release|Any CPU
		{546D956A-2BA9-4B05-9BFB-E43FE7195766}.Debug|Any CPU.ActiveCfg = Debug|Any CPU
		{546D956A-2BA9-4B05-9BFB-E43FE7195766}.Debug|Any CPU.Build.0 = Debug|Any CPU
		{546D956A-2BA9-4B05-9BFB-E43FE7195766}.Release|Any CPU.ActiveCfg = Release|Any CPU
		{546D956A-2BA9-4B05-9BFB-E43FE7195766}.Release|Any CPU.Build.0 = Release|Any CPU
		{F5CDE316-D63B-48E2-A80F-57A5BA1C9BBA}.Debug|Any CPU.ActiveCfg = Debug|Any CPU
		{F5CDE316-D63B-48E2-A80F-57A5BA1C9BBA}.Debug|Any CPU.Build.0 = Debug|Any CPU
		{F5CDE316-D63B-48E2-A80F-57A5BA1C9BBA}.Release|Any CPU.ActiveCfg = Release|Any CPU
		{F5CDE316-D63B-48E2-A80F-57A5BA1C9BBA}.Release|Any CPU.Build.0 = Release|Any CPU
	EndGlobalSection
EndGlobal
